// !$*UTF8*$!
{
	archiveVersion = 1;
	classes = {
	};
	objectVersion = 46;
	objects = {

/* Begin PBXBuildFile section */
		A50679D21636783B0017C672 /* iCarousel.m in Sources */ = {isa = PBXBuildFile; fileRef = A50679D11636783B0017C672 /* iCarousel.m */; };
		A5067A011636857C0017C672 /* PDFViewController.m in Sources */ = {isa = PBXBuildFile; fileRef = A5067A001636857C0017C672 /* PDFViewController.m */; };
		A5067A04163691DC0017C672 /* ProductGuideController.m in Sources */ = {isa = PBXBuildFile; fileRef = A5067A03163691DC0017C672 /* ProductGuideController.m */; };
		A545576916390E2B00E54E30 /* icon.png in Resources */ = {isa = PBXBuildFile; fileRef = A545576816390E2B00E54E30 /* icon.png */; };
		A54736CE1649D1AA00417054 /* home.png in Resources */ = {isa = PBXBuildFile; fileRef = A54736CD1649D1AA00417054 /* home.png */; };
		A562F97516489A5300F54237 /* free-standing-cookers-gallery-bs-50@2x.png in Resources */ = {isa = PBXBuildFile; fileRef = A562F97416489A5300F54237 /* free-standing-cookers-gallery-bs-50@2x.png */; };
		A562F99316489BFD00F54237 /* built-in-ovens-gallery@2x.png in Resources */ = {isa = PBXBuildFile; fileRef = A562F97716489BFD00F54237 /* built-in-ovens-gallery@2x.png */; };
		A562F99416489BFD00F54237 /* built-in-ovens-main@2x.png in Resources */ = {isa = PBXBuildFile; fileRef = A562F97816489BFD00F54237 /* built-in-ovens-main@2x.png */; };
		A562F99516489BFD00F54237 /* built-in-ovens-specs@2x.png in Resources */ = {isa = PBXBuildFile; fileRef = A562F97916489BFD00F54237 /* built-in-ovens-specs@2x.png */; };
		A562F99616489BFD00F54237 /* dishwasher-builtin-gallery@2x.png in Resources */ = {isa = PBXBuildFile; fileRef = A562F97A16489BFD00F54237 /* dishwasher-builtin-gallery@2x.png */; };
		A562F99716489BFD00F54237 /* dishwasher-builtin-main@2x.png in Resources */ = {isa = PBXBuildFile; fileRef = A562F97B16489BFD00F54237 /* dishwasher-builtin-main@2x.png */; };
		A562F99816489BFD00F54237 /* dishwasher-builtin-specs@2x.png in Resources */ = {isa = PBXBuildFile; fileRef = A562F97C16489BFD00F54237 /* dishwasher-builtin-specs@2x.png */; };
		A562F99916489BFD00F54237 /* dishwasher-compact-gallery@2x.png in Resources */ = {isa = PBXBuildFile; fileRef = A562F97D16489BFD00F54237 /* dishwasher-compact-gallery@2x.png */; };
		A562F99A16489BFD00F54237 /* dishwasher-compact-main@2x.png in Resources */ = {isa = PBXBuildFile; fileRef = A562F97E16489BFD00F54237 /* dishwasher-compact-main@2x.png */; };
		A562F99B16489BFD00F54237 /* dishwasher-compact-specs@2x.png in Resources */ = {isa = PBXBuildFile; fileRef = A562F97F16489BFD00F54237 /* dishwasher-compact-specs@2x.png */; };
		A562F99C16489BFD00F54237 /* free-standing-cookers-gallery-ss-50@2x.png in Resources */ = {isa = PBXBuildFile; fileRef = A562F98016489BFD00F54237 /* free-standing-cookers-gallery-ss-50@2x.png */; };
		A562F99D16489BFD00F54237 /* free-standing-cookers-gallery-ss-60@2x.png in Resources */ = {isa = PBXBuildFile; fileRef = A562F98116489BFD00F54237 /* free-standing-cookers-gallery-ss-60@2x.png */; };
		A562F99E16489BFD00F54237 /* free-standing-cookers-gallery-ss-90@2x.png in Resources */ = {isa = PBXBuildFile; fileRef = A562F98216489BFD00F54237 /* free-standing-cookers-gallery-ss-90@2x.png */; };
		A562F99F16489BFD00F54237 /* free-standing-cookers-main@2x.png in Resources */ = {isa = PBXBuildFile; fileRef = A562F98316489BFD00F54237 /* free-standing-cookers-main@2x.png */; };
		A562F9A016489BFD00F54237 /* free-standing-cookers-specs-bs@2x.png in Resources */ = {isa = PBXBuildFile; fileRef = A562F98416489BFD00F54237 /* free-standing-cookers-specs-bs@2x.png */; };
		A562F9A116489BFD00F54237 /* free-standing-cookers-specs-ss@2x.png in Resources */ = {isa = PBXBuildFile; fileRef = A562F98516489BFD00F54237 /* free-standing-cookers-specs-ss@2x.png */; };
		A562F9A216489BFD00F54237 /* hobs-gallery@2x.png in Resources */ = {isa = PBXBuildFile; fileRef = A562F98616489BFD00F54237 /* hobs-gallery@2x.png */; };
		A562F9A316489BFD00F54237 /* hobs-main@2x.png in Resources */ = {isa = PBXBuildFile; fileRef = A562F98716489BFD00F54237 /* hobs-main@2x.png */; };
		A562F9A416489BFD00F54237 /* hobs-specs@2x.png in Resources */ = {isa = PBXBuildFile; fileRef = A562F98816489BFD00F54237 /* hobs-specs@2x.png */; };
		A562F9A516489BFD00F54237 /* hoods-gallery-c-90@2x.png in Resources */ = {isa = PBXBuildFile; fileRef = A562F98916489BFD00F54237 /* hoods-gallery-c-90@2x.png */; };
		A562F9A616489BFD00F54237 /* hoods-gallery-sl-60@2x.png in Resources */ = {isa = PBXBuildFile; fileRef = A562F98A16489BFD00F54237 /* hoods-gallery-sl-60@2x.png */; };
		A562F9A716489BFD00F54237 /* hoods-gallery-sl-90@2x.png in Resources */ = {isa = PBXBuildFile; fileRef = A562F98B16489BFD00F54237 /* hoods-gallery-sl-90@2x.png */; };
		A562F9A816489BFD00F54237 /* hoods-main@2x.png in Resources */ = {isa = PBXBuildFile; fileRef = A562F98C16489BFD00F54237 /* hoods-main@2x.png */; };
		A562F9A916489BFD00F54237 /* hoods-specs-c-90@2x.png in Resources */ = {isa = PBXBuildFile; fileRef = A562F98D16489BFD00F54237 /* hoods-specs-c-90@2x.png */; };
		A562F9AA16489BFD00F54237 /* hoods-specs-sl-60@2x.png in Resources */ = {isa = PBXBuildFile; fileRef = A562F98E16489BFD00F54237 /* hoods-specs-sl-60@2x.png */; };
		A562F9AB16489BFD00F54237 /* hoods-specs-sl-90@2x.png in Resources */ = {isa = PBXBuildFile; fileRef = A562F98F16489BFD00F54237 /* hoods-specs-sl-90@2x.png */; };
		A562F9AC16489BFD00F54237 /* microwave-ovens-gallery@2x.png in Resources */ = {isa = PBXBuildFile; fileRef = A562F99016489BFD00F54237 /* microwave-ovens-gallery@2x.png */; };
		A562F9AD16489BFD00F54237 /* microwave-ovens-main@2x.png in Resources */ = {isa = PBXBuildFile; fileRef = A562F99116489BFD00F54237 /* microwave-ovens-main@2x.png */; };
		A562F9AE16489BFD00F54237 /* microwave-ovens-specs@2x.png in Resources */ = {isa = PBXBuildFile; fileRef = A562F99216489BFD00F54237 /* microwave-ovens-specs@2x.png */; };
		A588C0DE16364AB300968850 /* UIKit.framework in Frameworks */ = {isa = PBXBuildFile; fileRef = A588C0DD16364AB300968850 /* UIKit.framework */; };
		A588C0E016364AB300968850 /* Foundation.framework in Frameworks */ = {isa = PBXBuildFile; fileRef = A588C0DF16364AB300968850 /* Foundation.framework */; };
		A588C0E216364AB300968850 /* CoreGraphics.framework in Frameworks */ = {isa = PBXBuildFile; fileRef = A588C0E116364AB300968850 /* CoreGraphics.framework */; };
		A588C0E416364AB300968850 /* CoreData.framework in Frameworks */ = {isa = PBXBuildFile; fileRef = A588C0E316364AB300968850 /* CoreData.framework */; };
		A588C0EA16364AB300968850 /* InfoPlist.strings in Resources */ = {isa = PBXBuildFile; fileRef = A588C0E816364AB300968850 /* InfoPlist.strings */; };
		A588C0EC16364AB300968850 /* main.m in Sources */ = {isa = PBXBuildFile; fileRef = A588C0EB16364AB300968850 /* main.m */; };
		A588C0F016364AB300968850 /* AppDelegate.m in Sources */ = {isa = PBXBuildFile; fileRef = A588C0EF16364AB300968850 /* AppDelegate.m */; };
		A588C0F316364AB300968850 /* wokaholic.xcdatamodeld in Sources */ = {isa = PBXBuildFile; fileRef = A588C0F116364AB300968850 /* wokaholic.xcdatamodeld */; };
		A588C0FB16364AC500968850 /* RootViewController.m in Sources */ = {isa = PBXBuildFile; fileRef = A588C0FA16364AC500968850 /* RootViewController.m */; };
		A588C10716364F2600968850 /* facebook.png in Resources */ = {isa = PBXBuildFile; fileRef = A588C10616364F2600968850 /* facebook.png */; };
		A588C10916364F9400968850 /* home.jpg in Resources */ = {isa = PBXBuildFile; fileRef = A588C10816364F9400968850 /* home.jpg */; };
		A588C11016365CA200968850 /* PhotoAppController.m in Sources */ = {isa = PBXBuildFile; fileRef = A588C10F16365CA200968850 /* PhotoAppController.m */; };
		A588C11716365EB900968850 /* photoapp-female-chicken-scaloppine-with-spinach-and-linguine.png in Resources */ = {isa = PBXBuildFile; fileRef = A588C11116365EB900968850 /* photoapp-female-chicken-scaloppine-with-spinach-and-linguine.png */; };
		A588C11816365EB900968850 /* photoapp-female-parmesan-crusted-fish.png in Resources */ = {isa = PBXBuildFile; fileRef = A588C11216365EB900968850 /* photoapp-female-parmesan-crusted-fish.png */; };
		A588C11916365EB900968850 /* photoapp-female-sherry-apple-pork-chops.png in Resources */ = {isa = PBXBuildFile; fileRef = A588C11316365EB900968850 /* photoapp-female-sherry-apple-pork-chops.png */; };
		A588C11A16365EB900968850 /* photoapp-male-chicken-scaloppine-with-spinach-and-linguine.png in Resources */ = {isa = PBXBuildFile; fileRef = A588C11416365EB900968850 /* photoapp-male-chicken-scaloppine-with-spinach-and-linguine.png */; };
		A588C11B16365EB900968850 /* photoapp-male-parmesan-crusted-fish.png in Resources */ = {isa = PBXBuildFile; fileRef = A588C11516365EB900968850 /* photoapp-male-parmesan-crusted-fish.png */; };
		A588C11C16365EB900968850 /* photoapp-male-sherry-apple-pork-chops.png in Resources */ = {isa = PBXBuildFile; fileRef = A588C11616365EB900968850 /* photoapp-male-sherry-apple-pork-chops.png */; };
		A588C11E16365EE500968850 /* capture.png in Resources */ = {isa = PBXBuildFile; fileRef = A588C11D16365EE500968850 /* capture.png */; };
		A588C12016365F2B00968850 /* home-button.png in Resources */ = {isa = PBXBuildFile; fileRef = A588C11F16365F2B00968850 /* home-button.png */; };
		A588C12216365FE100968850 /* QuartzCore.framework in Frameworks */ = {isa = PBXBuildFile; fileRef = A588C12116365FE100968850 /* QuartzCore.framework */; };
		A588C1241636600200968850 /* MobileCoreServices.framework in Frameworks */ = {isa = PBXBuildFile; fileRef = A588C1231636600200968850 /* MobileCoreServices.framework */; };
		A588C12B1636651800968850 /* CookingQuizController.m in Sources */ = {isa = PBXBuildFile; fileRef = A588C12A1636651800968850 /* CookingQuizController.m */; };
		A588C1341636681400968850 /* www in Resources */ = {isa = PBXBuildFile; fileRef = A588C1331636681400968850 /* www */; };
		A59CBF8A164AC46E00E9F84E /* home.jpg in Resources */ = {isa = PBXBuildFile; fileRef = A59CBF89164AC46E00E9F84E /* home.jpg */; };
		A5A285D91649C467005EA57C /* AVFoundation.framework in Frameworks */ = {isa = PBXBuildFile; fileRef = A5A285D81649C467005EA57C /* AVFoundation.framework */; };
		A5A93FAF1636735E001987AC /* about.jpg in Resources */ = {isa = PBXBuildFile; fileRef = A5A93FAE1636735E001987AC /* about.jpg */; };
		A5A93FB31636737C001987AC /* AboutController.m in Sources */ = {isa = PBXBuildFile; fileRef = A5A93FB21636737C001987AC /* AboutController.m */; };
		A5A93FB61636750B001987AC /* RecipesController.m in Sources */ = {isa = PBXBuildFile; fileRef = A5A93FB51636750B001987AC /* RecipesController.m */; };
		A5A93FB8163676D6001987AC /* recipes-bg.png in Resources */ = {isa = PBXBuildFile; fileRef = A5A93FB7163676D6001987AC /* recipes-bg.png */; };
		A5C9B6CB164903EC00E8C74E /* photoapp-female-crop.png in Resources */ = {isa = PBXBuildFile; fileRef = A5C9B6CA164903EC00E8C74E /* photoapp-female-crop.png */; };
		A5C9B6D216490E9900E8C74E /* photoapp-male-crop.png in Resources */ = {isa = PBXBuildFile; fileRef = A5C9B6D116490E9900E8C74E /* photoapp-male-crop.png */; };
		A5D300291648EF8600F7B369 /* dishwasher-button-builtin.png in Resources */ = {isa = PBXBuildFile; fileRef = A5D300281648EF8600F7B369 /* dishwasher-button-builtin.png */; };
		A5D3002C1648EF9000F7B369 /* dishwasher-button-compact.png in Resources */ = {isa = PBXBuildFile; fileRef = A5D3002B1648EF9000F7B369 /* dishwasher-button-compact.png */; };
		A5D931A81647724500728C1D /* Facebook.m in Sources */ = {isa = PBXBuildFile; fileRef = A5D9318F1647724500728C1D /* Facebook.m */; };
		A5D931A91647724500728C1D /* FBDialog.bundle in Resources */ = {isa = PBXBuildFile; fileRef = A5D931911647724500728C1D /* FBDialog.bundle */; };
		A5D931AA1647724500728C1D /* FBDialog.m in Sources */ = {isa = PBXBuildFile; fileRef = A5D931931647724500728C1D /* FBDialog.m */; };
		A5D931AB1647724500728C1D /* FBFrictionlessRequestSettings.m in Sources */ = {isa = PBXBuildFile; fileRef = A5D931951647724500728C1D /* FBFrictionlessRequestSettings.m */; };
		A5D931AC1647724500728C1D /* FBLoginDialog.m in Sources */ = {isa = PBXBuildFile; fileRef = A5D931971647724500728C1D /* FBLoginDialog.m */; };
		A5D931AD1647724500728C1D /* FBRequest.m in Sources */ = {isa = PBXBuildFile; fileRef = A5D931991647724500728C1D /* FBRequest.m */; };
		A5D931AE1647724500728C1D /* NSObject+SBJSON.m in Sources */ = {isa = PBXBuildFile; fileRef = A5D9319D1647724500728C1D /* NSObject+SBJSON.m */; };
		A5D931AF1647724500728C1D /* NSString+SBJSON.m in Sources */ = {isa = PBXBuildFile; fileRef = A5D9319F1647724500728C1D /* NSString+SBJSON.m */; };
		A5D931B01647724500728C1D /* SBJSON.m in Sources */ = {isa = PBXBuildFile; fileRef = A5D931A11647724500728C1D /* SBJSON.m */; };
		A5D931B11647724500728C1D /* SBJsonBase.m in Sources */ = {isa = PBXBuildFile; fileRef = A5D931A31647724500728C1D /* SBJsonBase.m */; };
		A5D931B21647724500728C1D /* SBJsonParser.m in Sources */ = {isa = PBXBuildFile; fileRef = A5D931A51647724500728C1D /* SBJsonParser.m */; };
		A5D931B31647724500728C1D /* SBJsonWriter.m in Sources */ = {isa = PBXBuildFile; fileRef = A5D931A71647724500728C1D /* SBJsonWriter.m */; };
		A5D931BA1647867F00728C1D /* back-button.png in Resources */ = {isa = PBXBuildFile; fileRef = A5D931B91647867F00728C1D /* back-button.png */; };
		A5D932C61647FED100728C1D /* thumb-appetizer-1.png in Resources */ = {isa = PBXBuildFile; fileRef = A5D932A61647FE9400728C1D /* thumb-appetizer-1.png */; };
		A5D932C71647FED100728C1D /* thumb-appetizer-2.png in Resources */ = {isa = PBXBuildFile; fileRef = A5D932A71647FE9400728C1D /* thumb-appetizer-2.png */; };
		A5D932C81647FED100728C1D /* thumb-appetizer-3.png in Resources */ = {isa = PBXBuildFile; fileRef = A5D932A81647FE9400728C1D /* thumb-appetizer-3.png */; };
		A5D932C91647FED100728C1D /* thumb-appetizer-4.png in Resources */ = {isa = PBXBuildFile; fileRef = A5D932A91647FE9500728C1D /* thumb-appetizer-4.png */; };
		A5D932CA1647FED100728C1D /* thumb-appetizer-5.png in Resources */ = {isa = PBXBuildFile; fileRef = A5D932AA1647FE9500728C1D /* thumb-appetizer-5.png */; };
		A5D932CB1647FED100728C1D /* thumb-appetizer-6.png in Resources */ = {isa = PBXBuildFile; fileRef = A5D932AB1647FE9600728C1D /* thumb-appetizer-6.png */; };
		A5D932CC1647FED100728C1D /* thumb-appetizer-7.png in Resources */ = {isa = PBXBuildFile; fileRef = A5D932AC1647FE9700728C1D /* thumb-appetizer-7.png */; };
		A5D932CD1647FED100728C1D /* thumb-appetizer-8.png in Resources */ = {isa = PBXBuildFile; fileRef = A5D932AD1647FE9700728C1D /* thumb-appetizer-8.png */; };
		A5D932CE1647FED100728C1D /* thumb-appetizer-9.png in Resources */ = {isa = PBXBuildFile; fileRef = A5D932AE1647FE9800728C1D /* thumb-appetizer-9.png */; };
		A5D932CF1647FED100728C1D /* thumb-appetizer-10.png in Resources */ = {isa = PBXBuildFile; fileRef = A5D932AF1647FE9900728C1D /* thumb-appetizer-10.png */; };
		A5D932D01647FED100728C1D /* thumb-dessert-1.png in Resources */ = {isa = PBXBuildFile; fileRef = A5D932B01647FE9A00728C1D /* thumb-dessert-1.png */; };
		A5D932D11647FED100728C1D /* thumb-dessert-2.png in Resources */ = {isa = PBXBuildFile; fileRef = A5D932B11647FE9B00728C1D /* thumb-dessert-2.png */; };
		A5D932D21647FED100728C1D /* thumb-dessert-3.png in Resources */ = {isa = PBXBuildFile; fileRef = A5D932B21647FE9D00728C1D /* thumb-dessert-3.png */; };
		A5D932D31647FED100728C1D /* thumb-dessert-4.png in Resources */ = {isa = PBXBuildFile; fileRef = A5D932B31647FE9E00728C1D /* thumb-dessert-4.png */; };
		A5D932D41647FED100728C1D /* thumb-dessert-5.png in Resources */ = {isa = PBXBuildFile; fileRef = A5D932B41647FEA000728C1D /* thumb-dessert-5.png */; };
		A5D932D51647FED100728C1D /* thumb-dessert-6.png in Resources */ = {isa = PBXBuildFile; fileRef = A5D932B51647FEA200728C1D /* thumb-dessert-6.png */; };
		A5D932D61647FED100728C1D /* thumb-dessert-7.png in Resources */ = {isa = PBXBuildFile; fileRef = A5D932B61647FEA300728C1D /* thumb-dessert-7.png */; };
		A5D932D71647FED100728C1D /* thumb-main-1.png in Resources */ = {isa = PBXBuildFile; fileRef = A5D932B71647FEA500728C1D /* thumb-main-1.png */; };
		A5D932D81647FED100728C1D /* thumb-main-2.png in Resources */ = {isa = PBXBuildFile; fileRef = A5D932B81647FEA800728C1D /* thumb-main-2.png */; };
		A5D932D91647FED100728C1D /* thumb-main-3.png in Resources */ = {isa = PBXBuildFile; fileRef = A5D932B91647FEAA00728C1D /* thumb-main-3.png */; };
		A5D932DA1647FED100728C1D /* thumb-main-4.png in Resources */ = {isa = PBXBuildFile; fileRef = A5D932BA1647FEAD00728C1D /* thumb-main-4.png */; };
		A5D932DB1647FED100728C1D /* thumb-main-5.png in Resources */ = {isa = PBXBuildFile; fileRef = A5D932BB1647FEAF00728C1D /* thumb-main-5.png */; };
		A5D932DC1647FED100728C1D /* thumb-main-6.png in Resources */ = {isa = PBXBuildFile; fileRef = A5D932BC1647FEB200728C1D /* thumb-main-6.png */; };
		A5D932DD1647FED100728C1D /* thumb-main-7.png in Resources */ = {isa = PBXBuildFile; fileRef = A5D932BD1647FEB400728C1D /* thumb-main-7.png */; };
		A5D932DE1647FED100728C1D /* thumb-main-8.png in Resources */ = {isa = PBXBuildFile; fileRef = A5D932BE1647FEB700728C1D /* thumb-main-8.png */; };
		A5D932DF1647FED100728C1D /* thumb-main-9.png in Resources */ = {isa = PBXBuildFile; fileRef = A5D932BF1647FEB900728C1D /* thumb-main-9.png */; };
		A5D932E01647FED100728C1D /* thumb-main-10.png in Resources */ = {isa = PBXBuildFile; fileRef = A5D932C01647FEBD00728C1D /* thumb-main-10.png */; };
		A5D932E11647FED100728C1D /* thumb-main-11.png in Resources */ = {isa = PBXBuildFile; fileRef = A5D932C11647FEC000728C1D /* thumb-main-11.png */; };
		A5D932E21647FED100728C1D /* thumb-main-12.png in Resources */ = {isa = PBXBuildFile; fileRef = A5D932C21647FEC400728C1D /* thumb-main-12.png */; };
		A5D932E31647FED100728C1D /* thumb-main-13.png in Resources */ = {isa = PBXBuildFile; fileRef = A5D932C31647FEC700728C1D /* thumb-main-13.png */; };
		A5D932E41647FED100728C1D /* thumb-main-14.png in Resources */ = {isa = PBXBuildFile; fileRef = A5D932C41647FECA00728C1D /* thumb-main-14.png */; };
		A5D932E51647FED100728C1D /* thumb-main-15.png in Resources */ = {isa = PBXBuildFile; fileRef = A5D932C51647FECD00728C1D /* thumb-main-15.png */; };
		A5D932E7164801DA00728C1D /* appetizer-1.png in Resources */ = {isa = PBXBuildFile; fileRef = A5D932E6164801DA00728C1D /* appetizer-1.png */; };
		A5D932F1164808FA00728C1D /* appetizer-2.png in Resources */ = {isa = PBXBuildFile; fileRef = A5D932E8164808F900728C1D /* appetizer-2.png */; };
		A5D932F2164808FA00728C1D /* appetizer-3.png in Resources */ = {isa = PBXBuildFile; fileRef = A5D932E9164808FA00728C1D /* appetizer-3.png */; };
		A5D932F3164808FA00728C1D /* appetizer-4.png in Resources */ = {isa = PBXBuildFile; fileRef = A5D932EA164808FA00728C1D /* appetizer-4.png */; };
		A5D932F4164808FA00728C1D /* appetizer-5.png in Resources */ = {isa = PBXBuildFile; fileRef = A5D932EB164808FA00728C1D /* appetizer-5.png */; };
		A5D932F5164808FA00728C1D /* appetizer-6.png in Resources */ = {isa = PBXBuildFile; fileRef = A5D932EC164808FA00728C1D /* appetizer-6.png */; };
		A5D932F6164808FA00728C1D /* appetizer-7.png in Resources */ = {isa = PBXBuildFile; fileRef = A5D932ED164808FA00728C1D /* appetizer-7.png */; };
		A5D932F7164808FA00728C1D /* appetizer-8.png in Resources */ = {isa = PBXBuildFile; fileRef = A5D932EE164808FA00728C1D /* appetizer-8.png */; };
		A5D932F8164808FA00728C1D /* appetizer-9.png in Resources */ = {isa = PBXBuildFile; fileRef = A5D932EF164808FA00728C1D /* appetizer-9.png */; };
		A5D932F9164808FA00728C1D /* appetizer-10.png in Resources */ = {isa = PBXBuildFile; fileRef = A5D932F0164808FA00728C1D /* appetizer-10.png */; };
		A5D933011648090F00728C1D /* dessert-1.png in Resources */ = {isa = PBXBuildFile; fileRef = A5D932FA1648090E00728C1D /* dessert-1.png */; };
		A5D933021648090F00728C1D /* dessert-2.png in Resources */ = {isa = PBXBuildFile; fileRef = A5D932FB1648090E00728C1D /* dessert-2.png */; };
		A5D933031648090F00728C1D /* dessert-3.png in Resources */ = {isa = PBXBuildFile; fileRef = A5D932FC1648090E00728C1D /* dessert-3.png */; };
		A5D933041648090F00728C1D /* dessert-4.png in Resources */ = {isa = PBXBuildFile; fileRef = A5D932FD1648090E00728C1D /* dessert-4.png */; };
		A5D933051648090F00728C1D /* dessert-5.png in Resources */ = {isa = PBXBuildFile; fileRef = A5D932FE1648090E00728C1D /* dessert-5.png */; };
		A5D933061648090F00728C1D /* dessert-6.png in Resources */ = {isa = PBXBuildFile; fileRef = A5D932FF1648090E00728C1D /* dessert-6.png */; };
		A5D933071648090F00728C1D /* dessert-7.png in Resources */ = {isa = PBXBuildFile; fileRef = A5D933001648090F00728C1D /* dessert-7.png */; };
		A5D933171648091F00728C1D /* main-1.png in Resources */ = {isa = PBXBuildFile; fileRef = A5D933081648091D00728C1D /* main-1.png */; };
		A5D933181648091F00728C1D /* main-2.png in Resources */ = {isa = PBXBuildFile; fileRef = A5D933091648091D00728C1D /* main-2.png */; };
		A5D933191648091F00728C1D /* main-3.png in Resources */ = {isa = PBXBuildFile; fileRef = A5D9330A1648091E00728C1D /* main-3.png */; };
		A5D9331A1648091F00728C1D /* main-4.png in Resources */ = {isa = PBXBuildFile; fileRef = A5D9330B1648091E00728C1D /* main-4.png */; };
		A5D9331B1648091F00728C1D /* main-5.png in Resources */ = {isa = PBXBuildFile; fileRef = A5D9330C1648091E00728C1D /* main-5.png */; };
		A5D9331C1648091F00728C1D /* main-6.png in Resources */ = {isa = PBXBuildFile; fileRef = A5D9330D1648091E00728C1D /* main-6.png */; };
		A5D9331D1648091F00728C1D /* main-7.png in Resources */ = {isa = PBXBuildFile; fileRef = A5D9330E1648091E00728C1D /* main-7.png */; };
		A5D9331E1648091F00728C1D /* main-8.png in Resources */ = {isa = PBXBuildFile; fileRef = A5D9330F1648091E00728C1D /* main-8.png */; };
		A5D9331F1648091F00728C1D /* main-9.png in Resources */ = {isa = PBXBuildFile; fileRef = A5D933101648091E00728C1D /* main-9.png */; };
		A5D933201648091F00728C1D /* main-10.png in Resources */ = {isa = PBXBuildFile; fileRef = A5D933111648091E00728C1D /* main-10.png */; };
		A5D933211648091F00728C1D /* main-11.png in Resources */ = {isa = PBXBuildFile; fileRef = A5D933121648091E00728C1D /* main-11.png */; };
		A5D933221648091F00728C1D /* main-12.png in Resources */ = {isa = PBXBuildFile; fileRef = A5D933131648091E00728C1D /* main-12.png */; };
		A5D933231648091F00728C1D /* main-13.png in Resources */ = {isa = PBXBuildFile; fileRef = A5D933141648091E00728C1D /* main-13.png */; };
		A5D933241648091F00728C1D /* main-14.png in Resources */ = {isa = PBXBuildFile; fileRef = A5D933151648091E00728C1D /* main-14.png */; };
		A5D933251648091F00728C1D /* main-15.png in Resources */ = {isa = PBXBuildFile; fileRef = A5D933161648091F00728C1D /* main-15.png */; };
		A5FFA1DF164816E1006E6FEA /* CustomUILabel.m in Sources */ = {isa = PBXBuildFile; fileRef = A5FFA1DE164816E1006E6FEA /* CustomUILabel.m */; };
		A5FFA1E216482402006E6FEA /* about@2x.png in Resources */ = {isa = PBXBuildFile; fileRef = A5FFA1E116482402006E6FEA /* about@2x.png */; };
/* End PBXBuildFile section */

/* Begin PBXFileReference section */
		A50679D01636783B0017C672 /* iCarousel.h */ = {isa = PBXFileReference; fileEncoding = 4; lastKnownFileType = sourcecode.c.h; path = iCarousel.h; sourceTree = "<group>"; };
		A50679D11636783B0017C672 /* iCarousel.m */ = {isa = PBXFileReference; fileEncoding = 4; lastKnownFileType = sourcecode.c.objc; path = iCarousel.m; sourceTree = "<group>"; };
		A50679FF1636857C0017C672 /* PDFViewController.h */ = {isa = PBXFileReference; fileEncoding = 4; lastKnownFileType = sourcecode.c.h; path = PDFViewController.h; sourceTree = "<group>"; };
		A5067A001636857C0017C672 /* PDFViewController.m */ = {isa = PBXFileReference; fileEncoding = 4; lastKnownFileType = sourcecode.c.objc; path = PDFViewController.m; sourceTree = "<group>"; };
		A5067A02163691DC0017C672 /* ProductGuideController.h */ = {isa = PBXFileReference; fileEncoding = 4; lastKnownFileType = sourcecode.c.h; path = ProductGuideController.h; sourceTree = "<group>"; };
		A5067A03163691DC0017C672 /* ProductGuideController.m */ = {isa = PBXFileReference; fileEncoding = 4; lastKnownFileType = sourcecode.c.objc; path = ProductGuideController.m; sourceTree = "<group>"; };
		A545576816390E2B00E54E30 /* icon.png */ = {isa = PBXFileReference; lastKnownFileType = image.png; path = icon.png; sourceTree = "<group>"; };
		A54736CD1649D1AA00417054 /* home.png */ = {isa = PBXFileReference; lastKnownFileType = image.png; path = home.png; sourceTree = "<group>"; };
		A562F97416489A5300F54237 /* free-standing-cookers-gallery-bs-50@2x.png */ = {isa = PBXFileReference; lastKnownFileType = image.png; path = "free-standing-cookers-gallery-bs-50@2x.png"; sourceTree = "<group>"; };
		A562F97716489BFD00F54237 /* built-in-ovens-gallery@2x.png */ = {isa = PBXFileReference; lastKnownFileType = image.png; path = "built-in-ovens-gallery@2x.png"; sourceTree = "<group>"; };
		A562F97816489BFD00F54237 /* built-in-ovens-main@2x.png */ = {isa = PBXFileReference; lastKnownFileType = image.png; path = "built-in-ovens-main@2x.png"; sourceTree = "<group>"; };
		A562F97916489BFD00F54237 /* built-in-ovens-specs@2x.png */ = {isa = PBXFileReference; lastKnownFileType = image.png; path = "built-in-ovens-specs@2x.png"; sourceTree = "<group>"; };
		A562F97A16489BFD00F54237 /* dishwasher-builtin-gallery@2x.png */ = {isa = PBXFileReference; lastKnownFileType = image.png; path = "dishwasher-builtin-gallery@2x.png"; sourceTree = "<group>"; };
		A562F97B16489BFD00F54237 /* dishwasher-builtin-main@2x.png */ = {isa = PBXFileReference; lastKnownFileType = image.png; path = "dishwasher-builtin-main@2x.png"; sourceTree = "<group>"; };
		A562F97C16489BFD00F54237 /* dishwasher-builtin-specs@2x.png */ = {isa = PBXFileReference; lastKnownFileType = image.png; path = "dishwasher-builtin-specs@2x.png"; sourceTree = "<group>"; };
		A562F97D16489BFD00F54237 /* dishwasher-compact-gallery@2x.png */ = {isa = PBXFileReference; lastKnownFileType = image.png; path = "dishwasher-compact-gallery@2x.png"; sourceTree = "<group>"; };
		A562F97E16489BFD00F54237 /* dishwasher-compact-main@2x.png */ = {isa = PBXFileReference; lastKnownFileType = image.png; path = "dishwasher-compact-main@2x.png"; sourceTree = "<group>"; };
		A562F97F16489BFD00F54237 /* dishwasher-compact-specs@2x.png */ = {isa = PBXFileReference; lastKnownFileType = image.png; path = "dishwasher-compact-specs@2x.png"; sourceTree = "<group>"; };
		A562F98016489BFD00F54237 /* free-standing-cookers-gallery-ss-50@2x.png */ = {isa = PBXFileReference; lastKnownFileType = image.png; path = "free-standing-cookers-gallery-ss-50@2x.png"; sourceTree = "<group>"; };
		A562F98116489BFD00F54237 /* free-standing-cookers-gallery-ss-60@2x.png */ = {isa = PBXFileReference; lastKnownFileType = image.png; path = "free-standing-cookers-gallery-ss-60@2x.png"; sourceTree = "<group>"; };
		A562F98216489BFD00F54237 /* free-standing-cookers-gallery-ss-90@2x.png */ = {isa = PBXFileReference; lastKnownFileType = image.png; path = "free-standing-cookers-gallery-ss-90@2x.png"; sourceTree = "<group>"; };
		A562F98316489BFD00F54237 /* free-standing-cookers-main@2x.png */ = {isa = PBXFileReference; lastKnownFileType = image.png; path = "free-standing-cookers-main@2x.png"; sourceTree = "<group>"; };
		A562F98416489BFD00F54237 /* free-standing-cookers-specs-bs@2x.png */ = {isa = PBXFileReference; lastKnownFileType = image.png; path = "free-standing-cookers-specs-bs@2x.png"; sourceTree = "<group>"; };
		A562F98516489BFD00F54237 /* free-standing-cookers-specs-ss@2x.png */ = {isa = PBXFileReference; lastKnownFileType = image.png; path = "free-standing-cookers-specs-ss@2x.png"; sourceTree = "<group>"; };
		A562F98616489BFD00F54237 /* hobs-gallery@2x.png */ = {isa = PBXFileReference; lastKnownFileType = image.png; path = "hobs-gallery@2x.png"; sourceTree = "<group>"; };
		A562F98716489BFD00F54237 /* hobs-main@2x.png */ = {isa = PBXFileReference; lastKnownFileType = image.png; path = "hobs-main@2x.png"; sourceTree = "<group>"; };
		A562F98816489BFD00F54237 /* hobs-specs@2x.png */ = {isa = PBXFileReference; lastKnownFileType = image.png; path = "hobs-specs@2x.png"; sourceTree = "<group>"; };
		A562F98916489BFD00F54237 /* hoods-gallery-c-90@2x.png */ = {isa = PBXFileReference; lastKnownFileType = image.png; path = "hoods-gallery-c-90@2x.png"; sourceTree = "<group>"; };
		A562F98A16489BFD00F54237 /* hoods-gallery-sl-60@2x.png */ = {isa = PBXFileReference; lastKnownFileType = image.png; path = "hoods-gallery-sl-60@2x.png"; sourceTree = "<group>"; };
		A562F98B16489BFD00F54237 /* hoods-gallery-sl-90@2x.png */ = {isa = PBXFileReference; lastKnownFileType = image.png; path = "hoods-gallery-sl-90@2x.png"; sourceTree = "<group>"; };
		A562F98C16489BFD00F54237 /* hoods-main@2x.png */ = {isa = PBXFileReference; lastKnownFileType = image.png; path = "hoods-main@2x.png"; sourceTree = "<group>"; };
		A562F98D16489BFD00F54237 /* hoods-specs-c-90@2x.png */ = {isa = PBXFileReference; lastKnownFileType = image.png; path = "hoods-specs-c-90@2x.png"; sourceTree = "<group>"; };
		A562F98E16489BFD00F54237 /* hoods-specs-sl-60@2x.png */ = {isa = PBXFileReference; lastKnownFileType = image.png; path = "hoods-specs-sl-60@2x.png"; sourceTree = "<group>"; };
		A562F98F16489BFD00F54237 /* hoods-specs-sl-90@2x.png */ = {isa = PBXFileReference; lastKnownFileType = image.png; path = "hoods-specs-sl-90@2x.png"; sourceTree = "<group>"; };
		A562F99016489BFD00F54237 /* microwave-ovens-gallery@2x.png */ = {isa = PBXFileReference; lastKnownFileType = image.png; path = "microwave-ovens-gallery@2x.png"; sourceTree = "<group>"; };
		A562F99116489BFD00F54237 /* microwave-ovens-main@2x.png */ = {isa = PBXFileReference; lastKnownFileType = image.png; path = "microwave-ovens-main@2x.png"; sourceTree = "<group>"; };
		A562F99216489BFD00F54237 /* microwave-ovens-specs@2x.png */ = {isa = PBXFileReference; lastKnownFileType = image.png; path = "microwave-ovens-specs@2x.png"; sourceTree = "<group>"; };
		A588C0D916364AB300968850 /* wokaholic.app */ = {isa = PBXFileReference; explicitFileType = wrapper.application; includeInIndex = 0; path = wokaholic.app; sourceTree = BUILT_PRODUCTS_DIR; };
		A588C0DD16364AB300968850 /* UIKit.framework */ = {isa = PBXFileReference; lastKnownFileType = wrapper.framework; name = UIKit.framework; path = System/Library/Frameworks/UIKit.framework; sourceTree = SDKROOT; };
		A588C0DF16364AB300968850 /* Foundation.framework */ = {isa = PBXFileReference; lastKnownFileType = wrapper.framework; name = Foundation.framework; path = System/Library/Frameworks/Foundation.framework; sourceTree = SDKROOT; };
		A588C0E116364AB300968850 /* CoreGraphics.framework */ = {isa = PBXFileReference; lastKnownFileType = wrapper.framework; name = CoreGraphics.framework; path = System/Library/Frameworks/CoreGraphics.framework; sourceTree = SDKROOT; };
		A588C0E316364AB300968850 /* CoreData.framework */ = {isa = PBXFileReference; lastKnownFileType = wrapper.framework; name = CoreData.framework; path = System/Library/Frameworks/CoreData.framework; sourceTree = SDKROOT; };
		A588C0E716364AB300968850 /* wokaholic-Info.plist */ = {isa = PBXFileReference; lastKnownFileType = text.plist.xml; path = "wokaholic-Info.plist"; sourceTree = "<group>"; };
		A588C0E916364AB300968850 /* en */ = {isa = PBXFileReference; lastKnownFileType = text.plist.strings; name = en; path = en.lproj/InfoPlist.strings; sourceTree = "<group>"; };
		A588C0EB16364AB300968850 /* main.m */ = {isa = PBXFileReference; lastKnownFileType = sourcecode.c.objc; path = main.m; sourceTree = "<group>"; };
		A588C0ED16364AB300968850 /* wokaholic-Prefix.pch */ = {isa = PBXFileReference; lastKnownFileType = sourcecode.c.h; path = "wokaholic-Prefix.pch"; sourceTree = "<group>"; };
		A588C0EE16364AB300968850 /* AppDelegate.h */ = {isa = PBXFileReference; lastKnownFileType = sourcecode.c.h; path = AppDelegate.h; sourceTree = "<group>"; };
		A588C0EF16364AB300968850 /* AppDelegate.m */ = {isa = PBXFileReference; lastKnownFileType = sourcecode.c.objc; path = AppDelegate.m; sourceTree = "<group>"; };
		A588C0F216364AB300968850 /* wokaholic.xcdatamodel */ = {isa = PBXFileReference; lastKnownFileType = wrapper.xcdatamodel; path = wokaholic.xcdatamodel; sourceTree = "<group>"; };
		A588C0F916364AC500968850 /* RootViewController.h */ = {isa = PBXFileReference; fileEncoding = 4; lastKnownFileType = sourcecode.c.h; path = RootViewController.h; sourceTree = "<group>"; };
		A588C0FA16364AC500968850 /* RootViewController.m */ = {isa = PBXFileReference; fileEncoding = 4; lastKnownFileType = sourcecode.c.objc; path = RootViewController.m; sourceTree = "<group>"; };
		A588C10616364F2600968850 /* facebook.png */ = {isa = PBXFileReference; lastKnownFileType = image.png; path = facebook.png; sourceTree = "<group>"; };
		A588C10816364F9400968850 /* home.jpg */ = {isa = PBXFileReference; lastKnownFileType = image.jpeg; path = home.jpg; sourceTree = "<group>"; };
		A588C10E16365CA200968850 /* PhotoAppController.h */ = {isa = PBXFileReference; fileEncoding = 4; lastKnownFileType = sourcecode.c.h; path = PhotoAppController.h; sourceTree = "<group>"; };
		A588C10F16365CA200968850 /* PhotoAppController.m */ = {isa = PBXFileReference; fileEncoding = 4; lastKnownFileType = sourcecode.c.objc; path = PhotoAppController.m; sourceTree = "<group>"; };
		A588C11116365EB900968850 /* photoapp-female-chicken-scaloppine-with-spinach-and-linguine.png */ = {isa = PBXFileReference; lastKnownFileType = image.png; path = "photoapp-female-chicken-scaloppine-with-spinach-and-linguine.png"; sourceTree = "<group>"; };
		A588C11216365EB900968850 /* photoapp-female-parmesan-crusted-fish.png */ = {isa = PBXFileReference; lastKnownFileType = image.png; path = "photoapp-female-parmesan-crusted-fish.png"; sourceTree = "<group>"; };
		A588C11316365EB900968850 /* photoapp-female-sherry-apple-pork-chops.png */ = {isa = PBXFileReference; lastKnownFileType = image.png; path = "photoapp-female-sherry-apple-pork-chops.png"; sourceTree = "<group>"; };
		A588C11416365EB900968850 /* photoapp-male-chicken-scaloppine-with-spinach-and-linguine.png */ = {isa = PBXFileReference; lastKnownFileType = image.png; path = "photoapp-male-chicken-scaloppine-with-spinach-and-linguine.png"; sourceTree = "<group>"; };
		A588C11516365EB900968850 /* photoapp-male-parmesan-crusted-fish.png */ = {isa = PBXFileReference; lastKnownFileType = image.png; path = "photoapp-male-parmesan-crusted-fish.png"; sourceTree = "<group>"; };
		A588C11616365EB900968850 /* photoapp-male-sherry-apple-pork-chops.png */ = {isa = PBXFileReference; lastKnownFileType = image.png; path = "photoapp-male-sherry-apple-pork-chops.png"; sourceTree = "<group>"; };
		A588C11D16365EE500968850 /* capture.png */ = {isa = PBXFileReference; lastKnownFileType = image.png; path = capture.png; sourceTree = "<group>"; };
		A588C11F16365F2B00968850 /* home-button.png */ = {isa = PBXFileReference; lastKnownFileType = image.png; path = "home-button.png"; sourceTree = "<group>"; };
		A588C12116365FE100968850 /* QuartzCore.framework */ = {isa = PBXFileReference; lastKnownFileType = wrapper.framework; name = QuartzCore.framework; path = System/Library/Frameworks/QuartzCore.framework; sourceTree = SDKROOT; };
		A588C1231636600200968850 /* MobileCoreServices.framework */ = {isa = PBXFileReference; lastKnownFileType = wrapper.framework; name = MobileCoreServices.framework; path = System/Library/Frameworks/MobileCoreServices.framework; sourceTree = SDKROOT; };
		A588C1291636651800968850 /* CookingQuizController.h */ = {isa = PBXFileReference; fileEncoding = 4; lastKnownFileType = sourcecode.c.h; path = CookingQuizController.h; sourceTree = "<group>"; };
		A588C12A1636651800968850 /* CookingQuizController.m */ = {isa = PBXFileReference; fileEncoding = 4; lastKnownFileType = sourcecode.c.objc; path = CookingQuizController.m; sourceTree = "<group>"; };
		A588C1331636681400968850 /* www */ = {isa = PBXFileReference; lastKnownFileType = folder; path = www; sourceTree = "<group>"; };
		A59CBF89164AC46E00E9F84E /* home.jpg */ = {isa = PBXFileReference; lastKnownFileType = image.jpeg; path = home.jpg; sourceTree = "<group>"; };
		A5A285D81649C467005EA57C /* AVFoundation.framework */ = {isa = PBXFileReference; lastKnownFileType = wrapper.framework; name = AVFoundation.framework; path = System/Library/Frameworks/AVFoundation.framework; sourceTree = SDKROOT; };
		A5A93FAE1636735E001987AC /* about.jpg */ = {isa = PBXFileReference; lastKnownFileType = image.jpeg; path = about.jpg; sourceTree = "<group>"; };
		A5A93FB11636737C001987AC /* AboutController.h */ = {isa = PBXFileReference; fileEncoding = 4; lastKnownFileType = sourcecode.c.h; path = AboutController.h; sourceTree = "<group>"; };
		A5A93FB21636737C001987AC /* AboutController.m */ = {isa = PBXFileReference; fileEncoding = 4; lastKnownFileType = sourcecode.c.objc; path = AboutController.m; sourceTree = "<group>"; };
		A5A93FB41636750B001987AC /* RecipesController.h */ = {isa = PBXFileReference; fileEncoding = 4; lastKnownFileType = sourcecode.c.h; path = RecipesController.h; sourceTree = "<group>"; };
		A5A93FB51636750B001987AC /* RecipesController.m */ = {isa = PBXFileReference; fileEncoding = 4; lastKnownFileType = sourcecode.c.objc; path = RecipesController.m; sourceTree = "<group>"; };
		A5A93FB7163676D6001987AC /* recipes-bg.png */ = {isa = PBXFileReference; lastKnownFileType = image.png; path = "recipes-bg.png"; sourceTree = "<group>"; };
		A5C9B6CA164903EC00E8C74E /* photoapp-female-crop.png */ = {isa = PBXFileReference; lastKnownFileType = image.png; path = "photoapp-female-crop.png"; sourceTree = "<group>"; };
		A5C9B6D116490E9900E8C74E /* photoapp-male-crop.png */ = {isa = PBXFileReference; lastKnownFileType = image.png; path = "photoapp-male-crop.png"; sourceTree = "<group>"; };
		A5D300281648EF8600F7B369 /* dishwasher-button-builtin.png */ = {isa = PBXFileReference; lastKnownFileType = image.png; path = "dishwasher-button-builtin.png"; sourceTree = "<group>"; };
		A5D3002B1648EF9000F7B369 /* dishwasher-button-compact.png */ = {isa = PBXFileReference; lastKnownFileType = image.png; path = "dishwasher-button-compact.png"; sourceTree = "<group>"; };
		A5D9318E1647724500728C1D /* Facebook.h */ = {isa = PBXFileReference; fileEncoding = 4; lastKnownFileType = sourcecode.c.h; path = Facebook.h; sourceTree = "<group>"; };
		A5D9318F1647724500728C1D /* Facebook.m */ = {isa = PBXFileReference; fileEncoding = 4; lastKnownFileType = sourcecode.c.objc; path = Facebook.m; sourceTree = "<group>"; };
		A5D931901647724500728C1D /* FBConnect.h */ = {isa = PBXFileReference; fileEncoding = 4; lastKnownFileType = sourcecode.c.h; path = FBConnect.h; sourceTree = "<group>"; };
		A5D931911647724500728C1D /* FBDialog.bundle */ = {isa = PBXFileReference; lastKnownFileType = "wrapper.plug-in"; path = FBDialog.bundle; sourceTree = "<group>"; };
		A5D931921647724500728C1D /* FBDialog.h */ = {isa = PBXFileReference; fileEncoding = 4; lastKnownFileType = sourcecode.c.h; path = FBDialog.h; sourceTree = "<group>"; };
		A5D931931647724500728C1D /* FBDialog.m */ = {isa = PBXFileReference; fileEncoding = 4; lastKnownFileType = sourcecode.c.objc; path = FBDialog.m; sourceTree = "<group>"; };
		A5D931941647724500728C1D /* FBFrictionlessRequestSettings.h */ = {isa = PBXFileReference; fileEncoding = 4; lastKnownFileType = sourcecode.c.h; path = FBFrictionlessRequestSettings.h; sourceTree = "<group>"; };
		A5D931951647724500728C1D /* FBFrictionlessRequestSettings.m */ = {isa = PBXFileReference; fileEncoding = 4; lastKnownFileType = sourcecode.c.objc; path = FBFrictionlessRequestSettings.m; sourceTree = "<group>"; };
		A5D931961647724500728C1D /* FBLoginDialog.h */ = {isa = PBXFileReference; fileEncoding = 4; lastKnownFileType = sourcecode.c.h; path = FBLoginDialog.h; sourceTree = "<group>"; };
		A5D931971647724500728C1D /* FBLoginDialog.m */ = {isa = PBXFileReference; fileEncoding = 4; lastKnownFileType = sourcecode.c.objc; path = FBLoginDialog.m; sourceTree = "<group>"; };
		A5D931981647724500728C1D /* FBRequest.h */ = {isa = PBXFileReference; fileEncoding = 4; lastKnownFileType = sourcecode.c.h; path = FBRequest.h; sourceTree = "<group>"; };
		A5D931991647724500728C1D /* FBRequest.m */ = {isa = PBXFileReference; fileEncoding = 4; lastKnownFileType = sourcecode.c.objc; path = FBRequest.m; sourceTree = "<group>"; };
		A5D9319B1647724500728C1D /* JSON.h */ = {isa = PBXFileReference; fileEncoding = 4; lastKnownFileType = sourcecode.c.h; path = JSON.h; sourceTree = "<group>"; };
		A5D9319C1647724500728C1D /* NSObject+SBJSON.h */ = {isa = PBXFileReference; fileEncoding = 4; lastKnownFileType = sourcecode.c.h; path = "NSObject+SBJSON.h"; sourceTree = "<group>"; };
		A5D9319D1647724500728C1D /* NSObject+SBJSON.m */ = {isa = PBXFileReference; fileEncoding = 4; lastKnownFileType = sourcecode.c.objc; path = "NSObject+SBJSON.m"; sourceTree = "<group>"; };
		A5D9319E1647724500728C1D /* NSString+SBJSON.h */ = {isa = PBXFileReference; fileEncoding = 4; lastKnownFileType = sourcecode.c.h; path = "NSString+SBJSON.h"; sourceTree = "<group>"; };
		A5D9319F1647724500728C1D /* NSString+SBJSON.m */ = {isa = PBXFileReference; fileEncoding = 4; lastKnownFileType = sourcecode.c.objc; path = "NSString+SBJSON.m"; sourceTree = "<group>"; };
		A5D931A01647724500728C1D /* SBJSON.h */ = {isa = PBXFileReference; fileEncoding = 4; lastKnownFileType = sourcecode.c.h; path = SBJSON.h; sourceTree = "<group>"; };
		A5D931A11647724500728C1D /* SBJSON.m */ = {isa = PBXFileReference; fileEncoding = 4; lastKnownFileType = sourcecode.c.objc; path = SBJSON.m; sourceTree = "<group>"; };
		A5D931A21647724500728C1D /* SBJsonBase.h */ = {isa = PBXFileReference; fileEncoding = 4; lastKnownFileType = sourcecode.c.h; path = SBJsonBase.h; sourceTree = "<group>"; };
		A5D931A31647724500728C1D /* SBJsonBase.m */ = {isa = PBXFileReference; fileEncoding = 4; lastKnownFileType = sourcecode.c.objc; path = SBJsonBase.m; sourceTree = "<group>"; };
		A5D931A41647724500728C1D /* SBJsonParser.h */ = {isa = PBXFileReference; fileEncoding = 4; lastKnownFileType = sourcecode.c.h; path = SBJsonParser.h; sourceTree = "<group>"; };
		A5D931A51647724500728C1D /* SBJsonParser.m */ = {isa = PBXFileReference; fileEncoding = 4; lastKnownFileType = sourcecode.c.objc; path = SBJsonParser.m; sourceTree = "<group>"; };
		A5D931A61647724500728C1D /* SBJsonWriter.h */ = {isa = PBXFileReference; fileEncoding = 4; lastKnownFileType = sourcecode.c.h; path = SBJsonWriter.h; sourceTree = "<group>"; };
		A5D931A71647724500728C1D /* SBJsonWriter.m */ = {isa = PBXFileReference; fileEncoding = 4; lastKnownFileType = sourcecode.c.objc; path = SBJsonWriter.m; sourceTree = "<group>"; };
		A5D931B91647867F00728C1D /* back-button.png */ = {isa = PBXFileReference; lastKnownFileType = image.png; path = "back-button.png"; sourceTree = "<group>"; };
		A5D932A61647FE9400728C1D /* thumb-appetizer-1.png */ = {isa = PBXFileReference; lastKnownFileType = image.png; path = "thumb-appetizer-1.png"; sourceTree = "<group>"; };
		A5D932A71647FE9400728C1D /* thumb-appetizer-2.png */ = {isa = PBXFileReference; lastKnownFileType = image.png; path = "thumb-appetizer-2.png"; sourceTree = "<group>"; };
		A5D932A81647FE9400728C1D /* thumb-appetizer-3.png */ = {isa = PBXFileReference; lastKnownFileType = image.png; path = "thumb-appetizer-3.png"; sourceTree = "<group>"; };
		A5D932A91647FE9500728C1D /* thumb-appetizer-4.png */ = {isa = PBXFileReference; lastKnownFileType = image.png; path = "thumb-appetizer-4.png"; sourceTree = "<group>"; };
		A5D932AA1647FE9500728C1D /* thumb-appetizer-5.png */ = {isa = PBXFileReference; lastKnownFileType = image.png; path = "thumb-appetizer-5.png"; sourceTree = "<group>"; };
		A5D932AB1647FE9600728C1D /* thumb-appetizer-6.png */ = {isa = PBXFileReference; lastKnownFileType = image.png; path = "thumb-appetizer-6.png"; sourceTree = "<group>"; };
		A5D932AC1647FE9700728C1D /* thumb-appetizer-7.png */ = {isa = PBXFileReference; lastKnownFileType = image.png; path = "thumb-appetizer-7.png"; sourceTree = "<group>"; };
		A5D932AD1647FE9700728C1D /* thumb-appetizer-8.png */ = {isa = PBXFileReference; lastKnownFileType = image.png; path = "thumb-appetizer-8.png"; sourceTree = "<group>"; };
		A5D932AE1647FE9800728C1D /* thumb-appetizer-9.png */ = {isa = PBXFileReference; lastKnownFileType = image.png; path = "thumb-appetizer-9.png"; sourceTree = "<group>"; };
		A5D932AF1647FE9900728C1D /* thumb-appetizer-10.png */ = {isa = PBXFileReference; lastKnownFileType = image.png; path = "thumb-appetizer-10.png"; sourceTree = "<group>"; };
		A5D932B01647FE9A00728C1D /* thumb-dessert-1.png */ = {isa = PBXFileReference; lastKnownFileType = image.png; path = "thumb-dessert-1.png"; sourceTree = "<group>"; };
		A5D932B11647FE9B00728C1D /* thumb-dessert-2.png */ = {isa = PBXFileReference; lastKnownFileType = image.png; path = "thumb-dessert-2.png"; sourceTree = "<group>"; };
		A5D932B21647FE9D00728C1D /* thumb-dessert-3.png */ = {isa = PBXFileReference; lastKnownFileType = image.png; path = "thumb-dessert-3.png"; sourceTree = "<group>"; };
		A5D932B31647FE9E00728C1D /* thumb-dessert-4.png */ = {isa = PBXFileReference; lastKnownFileType = image.png; path = "thumb-dessert-4.png"; sourceTree = "<group>"; };
		A5D932B41647FEA000728C1D /* thumb-dessert-5.png */ = {isa = PBXFileReference; lastKnownFileType = image.png; path = "thumb-dessert-5.png"; sourceTree = "<group>"; };
		A5D932B51647FEA200728C1D /* thumb-dessert-6.png */ = {isa = PBXFileReference; lastKnownFileType = image.png; path = "thumb-dessert-6.png"; sourceTree = "<group>"; };
		A5D932B61647FEA300728C1D /* thumb-dessert-7.png */ = {isa = PBXFileReference; lastKnownFileType = image.png; path = "thumb-dessert-7.png"; sourceTree = "<group>"; };
		A5D932B71647FEA500728C1D /* thumb-main-1.png */ = {isa = PBXFileReference; lastKnownFileType = image.png; path = "thumb-main-1.png"; sourceTree = "<group>"; };
		A5D932B81647FEA800728C1D /* thumb-main-2.png */ = {isa = PBXFileReference; lastKnownFileType = image.png; path = "thumb-main-2.png"; sourceTree = "<group>"; };
		A5D932B91647FEAA00728C1D /* thumb-main-3.png */ = {isa = PBXFileReference; lastKnownFileType = image.png; path = "thumb-main-3.png"; sourceTree = "<group>"; };
		A5D932BA1647FEAD00728C1D /* thumb-main-4.png */ = {isa = PBXFileReference; lastKnownFileType = image.png; path = "thumb-main-4.png"; sourceTree = "<group>"; };
		A5D932BB1647FEAF00728C1D /* thumb-main-5.png */ = {isa = PBXFileReference; lastKnownFileType = image.png; path = "thumb-main-5.png"; sourceTree = "<group>"; };
		A5D932BC1647FEB200728C1D /* thumb-main-6.png */ = {isa = PBXFileReference; lastKnownFileType = image.png; path = "thumb-main-6.png"; sourceTree = "<group>"; };
		A5D932BD1647FEB400728C1D /* thumb-main-7.png */ = {isa = PBXFileReference; lastKnownFileType = image.png; path = "thumb-main-7.png"; sourceTree = "<group>"; };
		A5D932BE1647FEB700728C1D /* thumb-main-8.png */ = {isa = PBXFileReference; lastKnownFileType = image.png; path = "thumb-main-8.png"; sourceTree = "<group>"; };
		A5D932BF1647FEB900728C1D /* thumb-main-9.png */ = {isa = PBXFileReference; lastKnownFileType = image.png; path = "thumb-main-9.png"; sourceTree = "<group>"; };
		A5D932C01647FEBD00728C1D /* thumb-main-10.png */ = {isa = PBXFileReference; lastKnownFileType = image.png; path = "thumb-main-10.png"; sourceTree = "<group>"; };
		A5D932C11647FEC000728C1D /* thumb-main-11.png */ = {isa = PBXFileReference; lastKnownFileType = image.png; path = "thumb-main-11.png"; sourceTree = "<group>"; };
		A5D932C21647FEC400728C1D /* thumb-main-12.png */ = {isa = PBXFileReference; lastKnownFileType = image.png; path = "thumb-main-12.png"; sourceTree = "<group>"; };
		A5D932C31647FEC700728C1D /* thumb-main-13.png */ = {isa = PBXFileReference; lastKnownFileType = image.png; path = "thumb-main-13.png"; sourceTree = "<group>"; };
		A5D932C41647FECA00728C1D /* thumb-main-14.png */ = {isa = PBXFileReference; lastKnownFileType = image.png; path = "thumb-main-14.png"; sourceTree = "<group>"; };
		A5D932C51647FECD00728C1D /* thumb-main-15.png */ = {isa = PBXFileReference; lastKnownFileType = image.png; path = "thumb-main-15.png"; sourceTree = "<group>"; };
		A5D932E6164801DA00728C1D /* appetizer-1.png */ = {isa = PBXFileReference; lastKnownFileType = image.png; path = "appetizer-1.png"; sourceTree = "<group>"; };
		A5D932E8164808F900728C1D /* appetizer-2.png */ = {isa = PBXFileReference; lastKnownFileType = image.png; path = "appetizer-2.png"; sourceTree = "<group>"; };
		A5D932E9164808FA00728C1D /* appetizer-3.png */ = {isa = PBXFileReference; lastKnownFileType = image.png; path = "appetizer-3.png"; sourceTree = "<group>"; };
		A5D932EA164808FA00728C1D /* appetizer-4.png */ = {isa = PBXFileReference; lastKnownFileType = image.png; path = "appetizer-4.png"; sourceTree = "<group>"; };
		A5D932EB164808FA00728C1D /* appetizer-5.png */ = {isa = PBXFileReference; lastKnownFileType = image.png; path = "appetizer-5.png"; sourceTree = "<group>"; };
		A5D932EC164808FA00728C1D /* appetizer-6.png */ = {isa = PBXFileReference; lastKnownFileType = image.png; path = "appetizer-6.png"; sourceTree = "<group>"; };
		A5D932ED164808FA00728C1D /* appetizer-7.png */ = {isa = PBXFileReference; lastKnownFileType = image.png; path = "appetizer-7.png"; sourceTree = "<group>"; };
		A5D932EE164808FA00728C1D /* appetizer-8.png */ = {isa = PBXFileReference; lastKnownFileType = image.png; path = "appetizer-8.png"; sourceTree = "<group>"; };
		A5D932EF164808FA00728C1D /* appetizer-9.png */ = {isa = PBXFileReference; lastKnownFileType = image.png; path = "appetizer-9.png"; sourceTree = "<group>"; };
		A5D932F0164808FA00728C1D /* appetizer-10.png */ = {isa = PBXFileReference; lastKnownFileType = image.png; path = "appetizer-10.png"; sourceTree = "<group>"; };
		A5D932FA1648090E00728C1D /* dessert-1.png */ = {isa = PBXFileReference; lastKnownFileType = image.png; path = "dessert-1.png"; sourceTree = "<group>"; };
		A5D932FB1648090E00728C1D /* dessert-2.png */ = {isa = PBXFileReference; lastKnownFileType = image.png; path = "dessert-2.png"; sourceTree = "<group>"; };
		A5D932FC1648090E00728C1D /* dessert-3.png */ = {isa = PBXFileReference; lastKnownFileType = image.png; path = "dessert-3.png"; sourceTree = "<group>"; };
		A5D932FD1648090E00728C1D /* dessert-4.png */ = {isa = PBXFileReference; lastKnownFileType = image.png; path = "dessert-4.png"; sourceTree = "<group>"; };
		A5D932FE1648090E00728C1D /* dessert-5.png */ = {isa = PBXFileReference; lastKnownFileType = image.png; path = "dessert-5.png"; sourceTree = "<group>"; };
		A5D932FF1648090E00728C1D /* dessert-6.png */ = {isa = PBXFileReference; lastKnownFileType = image.png; path = "dessert-6.png"; sourceTree = "<group>"; };
		A5D933001648090F00728C1D /* dessert-7.png */ = {isa = PBXFileReference; lastKnownFileType = image.png; path = "dessert-7.png"; sourceTree = "<group>"; };
		A5D933081648091D00728C1D /* main-1.png */ = {isa = PBXFileReference; lastKnownFileType = image.png; path = "main-1.png"; sourceTree = "<group>"; };
		A5D933091648091D00728C1D /* main-2.png */ = {isa = PBXFileReference; lastKnownFileType = image.png; path = "main-2.png"; sourceTree = "<group>"; };
		A5D9330A1648091E00728C1D /* main-3.png */ = {isa = PBXFileReference; lastKnownFileType = image.png; path = "main-3.png"; sourceTree = "<group>"; };
		A5D9330B1648091E00728C1D /* main-4.png */ = {isa = PBXFileReference; lastKnownFileType = image.png; path = "main-4.png"; sourceTree = "<group>"; };
		A5D9330C1648091E00728C1D /* main-5.png */ = {isa = PBXFileReference; lastKnownFileType = image.png; path = "main-5.png"; sourceTree = "<group>"; };
		A5D9330D1648091E00728C1D /* main-6.png */ = {isa = PBXFileReference; lastKnownFileType = image.png; path = "main-6.png"; sourceTree = "<group>"; };
		A5D9330E1648091E00728C1D /* main-7.png */ = {isa = PBXFileReference; lastKnownFileType = image.png; path = "main-7.png"; sourceTree = "<group>"; };
		A5D9330F1648091E00728C1D /* main-8.png */ = {isa = PBXFileReference; lastKnownFileType = image.png; path = "main-8.png"; sourceTree = "<group>"; };
		A5D933101648091E00728C1D /* main-9.png */ = {isa = PBXFileReference; lastKnownFileType = image.png; path = "main-9.png"; sourceTree = "<group>"; };
		A5D933111648091E00728C1D /* main-10.png */ = {isa = PBXFileReference; lastKnownFileType = image.png; path = "main-10.png"; sourceTree = "<group>"; };
		A5D933121648091E00728C1D /* main-11.png */ = {isa = PBXFileReference; lastKnownFileType = image.png; path = "main-11.png"; sourceTree = "<group>"; };
		A5D933131648091E00728C1D /* main-12.png */ = {isa = PBXFileReference; lastKnownFileType = image.png; path = "main-12.png"; sourceTree = "<group>"; };
		A5D933141648091E00728C1D /* main-13.png */ = {isa = PBXFileReference; lastKnownFileType = image.png; path = "main-13.png"; sourceTree = "<group>"; };
		A5D933151648091E00728C1D /* main-14.png */ = {isa = PBXFileReference; lastKnownFileType = image.png; path = "main-14.png"; sourceTree = "<group>"; };
		A5D933161648091F00728C1D /* main-15.png */ = {isa = PBXFileReference; lastKnownFileType = image.png; path = "main-15.png"; sourceTree = "<group>"; };
		A5FFA1DD164816E1006E6FEA /* CustomUILabel.h */ = {isa = PBXFileReference; fileEncoding = 4; lastKnownFileType = sourcecode.c.h; path = CustomUILabel.h; sourceTree = "<group>"; };
		A5FFA1DE164816E1006E6FEA /* CustomUILabel.m */ = {isa = PBXFileReference; fileEncoding = 4; lastKnownFileType = sourcecode.c.objc; path = CustomUILabel.m; sourceTree = "<group>"; };
		A5FFA1E116482402006E6FEA /* about@2x.png */ = {isa = PBXFileReference; lastKnownFileType = image.png; path = "about@2x.png"; sourceTree = "<group>"; };
/* End PBXFileReference section */

/* Begin PBXFrameworksBuildPhase section */
		A588C0D616364AB300968850 /* Frameworks */ = {
			isa = PBXFrameworksBuildPhase;
			buildActionMask = 2147483647;
			files = (
				A5A285D91649C467005EA57C /* AVFoundation.framework in Frameworks */,
				A588C1241636600200968850 /* MobileCoreServices.framework in Frameworks */,
				A588C12216365FE100968850 /* QuartzCore.framework in Frameworks */,
				A588C0DE16364AB300968850 /* UIKit.framework in Frameworks */,
				A588C0E016364AB300968850 /* Foundation.framework in Frameworks */,
				A588C0E216364AB300968850 /* CoreGraphics.framework in Frameworks */,
				A588C0E416364AB300968850 /* CoreData.framework in Frameworks */,
			);
			runOnlyForDeploymentPostprocessing = 0;
		};
/* End PBXFrameworksBuildPhase section */

/* Begin PBXGroup section */
		A50679CF1636783B0017C672 /* iCarousel */ = {
			isa = PBXGroup;
			children = (
				A50679D01636783B0017C672 /* iCarousel.h */,
				A50679D11636783B0017C672 /* iCarousel.m */,
			);
			path = iCarousel;
			sourceTree = "<group>";
		};
		A588C0CE16364AB300968850 = {
			isa = PBXGroup;
			children = (
				A545576816390E2B00E54E30 /* icon.png */,
				A588C1331636681400968850 /* www */,
				A588C0E516364AB300968850 /* wokaholic */,
				A588C0DC16364AB300968850 /* Frameworks */,
				A588C0DA16364AB300968850 /* Products */,
			);
			sourceTree = "<group>";
		};
		A588C0DA16364AB300968850 /* Products */ = {
			isa = PBXGroup;
			children = (
				A588C0D916364AB300968850 /* wokaholic.app */,
			);
			name = Products;
			sourceTree = "<group>";
		};
		A588C0DC16364AB300968850 /* Frameworks */ = {
			isa = PBXGroup;
			children = (
				A5A285D81649C467005EA57C /* AVFoundation.framework */,
				A588C1231636600200968850 /* MobileCoreServices.framework */,
				A588C12116365FE100968850 /* QuartzCore.framework */,
				A588C0DD16364AB300968850 /* UIKit.framework */,
				A588C0DF16364AB300968850 /* Foundation.framework */,
				A588C0E116364AB300968850 /* CoreGraphics.framework */,
				A588C0E316364AB300968850 /* CoreData.framework */,
			);
			name = Frameworks;
			sourceTree = "<group>";
		};
		A588C0E516364AB300968850 /* wokaholic */ = {
			isa = PBXGroup;
			children = (
				A5D9318D1647724500728C1D /* FBConnect */,
				A50679CF1636783B0017C672 /* iCarousel */,
				A588C0EE16364AB300968850 /* AppDelegate.h */,
				A588C0EF16364AB300968850 /* AppDelegate.m */,
				A588C0F916364AC500968850 /* RootViewController.h */,
				A588C0FA16364AC500968850 /* RootViewController.m */,
				A588C10E16365CA200968850 /* PhotoAppController.h */,
				A588C10F16365CA200968850 /* PhotoAppController.m */,
				A588C1291636651800968850 /* CookingQuizController.h */,
				A588C12A1636651800968850 /* CookingQuizController.m */,
				A5A93FB11636737C001987AC /* AboutController.h */,
				A5A93FB21636737C001987AC /* AboutController.m */,
				A5A93FB41636750B001987AC /* RecipesController.h */,
				A5A93FB51636750B001987AC /* RecipesController.m */,
				A50679FF1636857C0017C672 /* PDFViewController.h */,
				A5067A001636857C0017C672 /* PDFViewController.m */,
				A5067A02163691DC0017C672 /* ProductGuideController.h */,
				A5067A03163691DC0017C672 /* ProductGuideController.m */,
				A5FFA1DD164816E1006E6FEA /* CustomUILabel.h */,
				A5FFA1DE164816E1006E6FEA /* CustomUILabel.m */,
				A588C0F116364AB300968850 /* wokaholic.xcdatamodeld */,
				A588C0E616364AB300968850 /* Supporting Files */,
			);
			path = wokaholic;
			sourceTree = "<group>";
		};
		A588C0E616364AB300968850 /* Supporting Files */ = {
			isa = PBXGroup;
			children = (
				A59CBF89164AC46E00E9F84E /* home.jpg */,
				A54736CD1649D1AA00417054 /* home.png */,
				A5C9B6D116490E9900E8C74E /* photoapp-male-crop.png */,
				A5C9B6CA164903EC00E8C74E /* photoapp-female-crop.png */,
				A5D3002B1648EF9000F7B369 /* dishwasher-button-compact.png */,
				A5D300281648EF8600F7B369 /* dishwasher-button-builtin.png */,
				A562F97716489BFD00F54237 /* built-in-ovens-gallery@2x.png */,
				A562F97816489BFD00F54237 /* built-in-ovens-main@2x.png */,
				A562F97916489BFD00F54237 /* built-in-ovens-specs@2x.png */,
				A562F97A16489BFD00F54237 /* dishwasher-builtin-gallery@2x.png */,
				A562F97B16489BFD00F54237 /* dishwasher-builtin-main@2x.png */,
				A562F97C16489BFD00F54237 /* dishwasher-builtin-specs@2x.png */,
				A562F97D16489BFD00F54237 /* dishwasher-compact-gallery@2x.png */,
				A562F97E16489BFD00F54237 /* dishwasher-compact-main@2x.png */,
				A562F97F16489BFD00F54237 /* dishwasher-compact-specs@2x.png */,
				A562F98016489BFD00F54237 /* free-standing-cookers-gallery-ss-50@2x.png */,
				A562F98116489BFD00F54237 /* free-standing-cookers-gallery-ss-60@2x.png */,
				A562F98216489BFD00F54237 /* free-standing-cookers-gallery-ss-90@2x.png */,
				A562F98316489BFD00F54237 /* free-standing-cookers-main@2x.png */,
				A562F98416489BFD00F54237 /* free-standing-cookers-specs-bs@2x.png */,
				A562F98516489BFD00F54237 /* free-standing-cookers-specs-ss@2x.png */,
				A562F98616489BFD00F54237 /* hobs-gallery@2x.png */,
				A562F98716489BFD00F54237 /* hobs-main@2x.png */,
				A562F98816489BFD00F54237 /* hobs-specs@2x.png */,
				A562F98916489BFD00F54237 /* hoods-gallery-c-90@2x.png */,
				A562F98A16489BFD00F54237 /* hoods-gallery-sl-60@2x.png */,
				A562F98B16489BFD00F54237 /* hoods-gallery-sl-90@2x.png */,
				A562F98C16489BFD00F54237 /* hoods-main@2x.png */,
				A562F98D16489BFD00F54237 /* hoods-specs-c-90@2x.png */,
				A562F98E16489BFD00F54237 /* hoods-specs-sl-60@2x.png */,
				A562F98F16489BFD00F54237 /* hoods-specs-sl-90@2x.png */,
				A562F99016489BFD00F54237 /* microwave-ovens-gallery@2x.png */,
				A562F99116489BFD00F54237 /* microwave-ovens-main@2x.png */,
				A562F99216489BFD00F54237 /* microwave-ovens-specs@2x.png */,
				A562F97416489A5300F54237 /* free-standing-cookers-gallery-bs-50@2x.png */,
				A5FFA1E116482402006E6FEA /* about@2x.png */,
				A5D932E6164801DA00728C1D /* appetizer-1.png */,
				A5D932E8164808F900728C1D /* appetizer-2.png */,
				A5D932E9164808FA00728C1D /* appetizer-3.png */,
				A5D932EA164808FA00728C1D /* appetizer-4.png */,
				A5D932EB164808FA00728C1D /* appetizer-5.png */,
				A5D932EC164808FA00728C1D /* appetizer-6.png */,
				A5D932ED164808FA00728C1D /* appetizer-7.png */,
				A5D932EE164808FA00728C1D /* appetizer-8.png */,
				A5D932EF164808FA00728C1D /* appetizer-9.png */,
				A5D932F0164808FA00728C1D /* appetizer-10.png */,
				A5D932FA1648090E00728C1D /* dessert-1.png */,
				A5D932FB1648090E00728C1D /* dessert-2.png */,
				A5D932FC1648090E00728C1D /* dessert-3.png */,
				A5D932FD1648090E00728C1D /* dessert-4.png */,
				A5D932FE1648090E00728C1D /* dessert-5.png */,
				A5D932FF1648090E00728C1D /* dessert-6.png */,
				A5D933001648090F00728C1D /* dessert-7.png */,
				A5D933081648091D00728C1D /* main-1.png */,
				A5D933091648091D00728C1D /* main-2.png */,
				A5D9330A1648091E00728C1D /* main-3.png */,
				A5D9330B1648091E00728C1D /* main-4.png */,
				A5D9330C1648091E00728C1D /* main-5.png */,
				A5D9330D1648091E00728C1D /* main-6.png */,
				A5D9330E1648091E00728C1D /* main-7.png */,
				A5D9330F1648091E00728C1D /* main-8.png */,
				A5D933101648091E00728C1D /* main-9.png */,
				A5D933111648091E00728C1D /* main-10.png */,
				A5D933121648091E00728C1D /* main-11.png */,
				A5D933131648091E00728C1D /* main-12.png */,
				A5D933141648091E00728C1D /* main-13.png */,
				A5D933151648091E00728C1D /* main-14.png */,
				A5D933161648091F00728C1D /* main-15.png */,
				A5D932A61647FE9400728C1D /* thumb-appetizer-1.png */,
				A5D932A71647FE9400728C1D /* thumb-appetizer-2.png */,
				A5D932A81647FE9400728C1D /* thumb-appetizer-3.png */,
				A5D932A91647FE9500728C1D /* thumb-appetizer-4.png */,
				A5D932AA1647FE9500728C1D /* thumb-appetizer-5.png */,
				A5D932AB1647FE9600728C1D /* thumb-appetizer-6.png */,
				A5D932AC1647FE9700728C1D /* thumb-appetizer-7.png */,
				A5D932AD1647FE9700728C1D /* thumb-appetizer-8.png */,
				A5D932AE1647FE9800728C1D /* thumb-appetizer-9.png */,
				A5D932AF1647FE9900728C1D /* thumb-appetizer-10.png */,
				A5D932B01647FE9A00728C1D /* thumb-dessert-1.png */,
				A5D932B11647FE9B00728C1D /* thumb-dessert-2.png */,
				A5D932B21647FE9D00728C1D /* thumb-dessert-3.png */,
				A5D932B31647FE9E00728C1D /* thumb-dessert-4.png */,
				A5D932B41647FEA000728C1D /* thumb-dessert-5.png */,
				A5D932B51647FEA200728C1D /* thumb-dessert-6.png */,
				A5D932B61647FEA300728C1D /* thumb-dessert-7.png */,
				A5D932B71647FEA500728C1D /* thumb-main-1.png */,
				A5D932B81647FEA800728C1D /* thumb-main-2.png */,
				A5D932B91647FEAA00728C1D /* thumb-main-3.png */,
				A5D932BA1647FEAD00728C1D /* thumb-main-4.png */,
				A5D932BB1647FEAF00728C1D /* thumb-main-5.png */,
				A5D932BC1647FEB200728C1D /* thumb-main-6.png */,
				A5D932BD1647FEB400728C1D /* thumb-main-7.png */,
				A5D932BE1647FEB700728C1D /* thumb-main-8.png */,
				A5D932BF1647FEB900728C1D /* thumb-main-9.png */,
				A5D932C01647FEBD00728C1D /* thumb-main-10.png */,
				A5D932C11647FEC000728C1D /* thumb-main-11.png */,
				A5D932C21647FEC400728C1D /* thumb-main-12.png */,
				A5D932C31647FEC700728C1D /* thumb-main-13.png */,
				A5D932C41647FECA00728C1D /* thumb-main-14.png */,
				A5D932C51647FECD00728C1D /* thumb-main-15.png */,
				A5D931B91647867F00728C1D /* back-button.png */,
				A5A93FB7163676D6001987AC /* recipes-bg.png */,
				A5A93FAE1636735E001987AC /* about.jpg */,
				A588C11F16365F2B00968850 /* home-button.png */,
				A588C11D16365EE500968850 /* capture.png */,
				A588C11116365EB900968850 /* photoapp-female-chicken-scaloppine-with-spinach-and-linguine.png */,
				A588C11216365EB900968850 /* photoapp-female-parmesan-crusted-fish.png */,
				A588C11316365EB900968850 /* photoapp-female-sherry-apple-pork-chops.png */,
				A588C11416365EB900968850 /* photoapp-male-chicken-scaloppine-with-spinach-and-linguine.png */,
				A588C11516365EB900968850 /* photoapp-male-parmesan-crusted-fish.png */,
				A588C11616365EB900968850 /* photoapp-male-sherry-apple-pork-chops.png */,
				A588C10816364F9400968850 /* home.jpg */,
				A588C10616364F2600968850 /* facebook.png */,
				A588C0E716364AB300968850 /* wokaholic-Info.plist */,
				A588C0E816364AB300968850 /* InfoPlist.strings */,
				A588C0EB16364AB300968850 /* main.m */,
				A588C0ED16364AB300968850 /* wokaholic-Prefix.pch */,
			);
			name = "Supporting Files";
			sourceTree = "<group>";
		};
		A5D9318D1647724500728C1D /* FBConnect */ = {
			isa = PBXGroup;
			children = (
				A5D9318E1647724500728C1D /* Facebook.h */,
				A5D9318F1647724500728C1D /* Facebook.m */,
				A5D931901647724500728C1D /* FBConnect.h */,
				A5D931911647724500728C1D /* FBDialog.bundle */,
				A5D931921647724500728C1D /* FBDialog.h */,
				A5D931931647724500728C1D /* FBDialog.m */,
				A5D931941647724500728C1D /* FBFrictionlessRequestSettings.h */,
				A5D931951647724500728C1D /* FBFrictionlessRequestSettings.m */,
				A5D931961647724500728C1D /* FBLoginDialog.h */,
				A5D931971647724500728C1D /* FBLoginDialog.m */,
				A5D931981647724500728C1D /* FBRequest.h */,
				A5D931991647724500728C1D /* FBRequest.m */,
				A5D9319A1647724500728C1D /* JSON */,
			);
			path = FBConnect;
			sourceTree = "<group>";
		};
		A5D9319A1647724500728C1D /* JSON */ = {
			isa = PBXGroup;
			children = (
				A5D9319B1647724500728C1D /* JSON.h */,
				A5D9319C1647724500728C1D /* NSObject+SBJSON.h */,
				A5D9319D1647724500728C1D /* NSObject+SBJSON.m */,
				A5D9319E1647724500728C1D /* NSString+SBJSON.h */,
				A5D9319F1647724500728C1D /* NSString+SBJSON.m */,
				A5D931A01647724500728C1D /* SBJSON.h */,
				A5D931A11647724500728C1D /* SBJSON.m */,
				A5D931A21647724500728C1D /* SBJsonBase.h */,
				A5D931A31647724500728C1D /* SBJsonBase.m */,
				A5D931A41647724500728C1D /* SBJsonParser.h */,
				A5D931A51647724500728C1D /* SBJsonParser.m */,
				A5D931A61647724500728C1D /* SBJsonWriter.h */,
				A5D931A71647724500728C1D /* SBJsonWriter.m */,
			);
			path = JSON;
			sourceTree = "<group>";
		};
/* End PBXGroup section */

/* Begin PBXNativeTarget section */
		A588C0D816364AB300968850 /* wokaholic */ = {
			isa = PBXNativeTarget;
			buildConfigurationList = A588C0F616364AB300968850 /* Build configuration list for PBXNativeTarget "wokaholic" */;
			buildPhases = (
				A588C0D516364AB300968850 /* Sources */,
				A588C0D616364AB300968850 /* Frameworks */,
				A588C0D716364AB300968850 /* Resources */,
			);
			buildRules = (
			);
			dependencies = (
			);
			name = wokaholic;
			productName = wokaholic;
			productReference = A588C0D916364AB300968850 /* wokaholic.app */;
			productType = "com.apple.product-type.application";
		};
/* End PBXNativeTarget section */

/* Begin PBXProject section */
		A588C0D016364AB300968850 /* Project object */ = {
			isa = PBXProject;
			attributes = {
				LastUpgradeCheck = 0440;
				ORGANIZATIONNAME = "NMG Resources, Inc";
			};
			buildConfigurationList = A588C0D316364AB300968850 /* Build configuration list for PBXProject "wokaholic" */;
			compatibilityVersion = "Xcode 3.2";
			developmentRegion = English;
			hasScannedForEncodings = 0;
			knownRegions = (
				en,
			);
			mainGroup = A588C0CE16364AB300968850;
			productRefGroup = A588C0DA16364AB300968850 /* Products */;
			projectDirPath = "";
			projectRoot = "";
			targets = (
				A588C0D816364AB300968850 /* wokaholic */,
			);
		};
/* End PBXProject section */

/* Begin PBXResourcesBuildPhase section */
		A588C0D716364AB300968850 /* Resources */ = {
			isa = PBXResourcesBuildPhase;
			buildActionMask = 2147483647;
			files = (
				A588C0EA16364AB300968850 /* InfoPlist.strings in Resources */,
				A588C10716364F2600968850 /* facebook.png in Resources */,
				A588C10916364F9400968850 /* home.jpg in Resources */,
				A588C11716365EB900968850 /* photoapp-female-chicken-scaloppine-with-spinach-and-linguine.png in Resources */,
				A588C11816365EB900968850 /* photoapp-female-parmesan-crusted-fish.png in Resources */,
				A588C11916365EB900968850 /* photoapp-female-sherry-apple-pork-chops.png in Resources */,
				A588C11A16365EB900968850 /* photoapp-male-chicken-scaloppine-with-spinach-and-linguine.png in Resources */,
				A588C11B16365EB900968850 /* photoapp-male-parmesan-crusted-fish.png in Resources */,
				A588C11C16365EB900968850 /* photoapp-male-sherry-apple-pork-chops.png in Resources */,
				A588C11E16365EE500968850 /* capture.png in Resources */,
				A588C12016365F2B00968850 /* home-button.png in Resources */,
				A588C1341636681400968850 /* www in Resources */,
				A5A93FAF1636735E001987AC /* about.jpg in Resources */,
				A5A93FB8163676D6001987AC /* recipes-bg.png in Resources */,
				A545576916390E2B00E54E30 /* icon.png in Resources */,
				A5D931A91647724500728C1D /* FBDialog.bundle in Resources */,
				A5D931BA1647867F00728C1D /* back-button.png in Resources */,
				A5D932C61647FED100728C1D /* thumb-appetizer-1.png in Resources */,
				A5D932C71647FED100728C1D /* thumb-appetizer-2.png in Resources */,
				A5D932C81647FED100728C1D /* thumb-appetizer-3.png in Resources */,
				A5D932C91647FED100728C1D /* thumb-appetizer-4.png in Resources */,
				A5D932CA1647FED100728C1D /* thumb-appetizer-5.png in Resources */,
				A5D932CB1647FED100728C1D /* thumb-appetizer-6.png in Resources */,
				A5D932CC1647FED100728C1D /* thumb-appetizer-7.png in Resources */,
				A5D932CD1647FED100728C1D /* thumb-appetizer-8.png in Resources */,
				A5D932CE1647FED100728C1D /* thumb-appetizer-9.png in Resources */,
				A5D932CF1647FED100728C1D /* thumb-appetizer-10.png in Resources */,
				A5D932D01647FED100728C1D /* thumb-dessert-1.png in Resources */,
				A5D932D11647FED100728C1D /* thumb-dessert-2.png in Resources */,
				A5D932D21647FED100728C1D /* thumb-dessert-3.png in Resources */,
				A5D932D31647FED100728C1D /* thumb-dessert-4.png in Resources */,
				A5D932D41647FED100728C1D /* thumb-dessert-5.png in Resources */,
				A5D932D51647FED100728C1D /* thumb-dessert-6.png in Resources */,
				A5D932D61647FED100728C1D /* thumb-dessert-7.png in Resources */,
				A5D932D71647FED100728C1D /* thumb-main-1.png in Resources */,
				A5D932D81647FED100728C1D /* thumb-main-2.png in Resources */,
				A5D932D91647FED100728C1D /* thumb-main-3.png in Resources */,
				A5D932DA1647FED100728C1D /* thumb-main-4.png in Resources */,
				A5D932DB1647FED100728C1D /* thumb-main-5.png in Resources */,
				A5D932DC1647FED100728C1D /* thumb-main-6.png in Resources */,
				A5D932DD1647FED100728C1D /* thumb-main-7.png in Resources */,
				A5D932DE1647FED100728C1D /* thumb-main-8.png in Resources */,
				A5D932DF1647FED100728C1D /* thumb-main-9.png in Resources */,
				A5D932E01647FED100728C1D /* thumb-main-10.png in Resources */,
				A5D932E11647FED100728C1D /* thumb-main-11.png in Resources */,
				A5D932E21647FED100728C1D /* thumb-main-12.png in Resources */,
				A5D932E31647FED100728C1D /* thumb-main-13.png in Resources */,
				A5D932E41647FED100728C1D /* thumb-main-14.png in Resources */,
				A5D932E51647FED100728C1D /* thumb-main-15.png in Resources */,
				A5D932E7164801DA00728C1D /* appetizer-1.png in Resources */,
				A5D932F1164808FA00728C1D /* appetizer-2.png in Resources */,
				A5D932F2164808FA00728C1D /* appetizer-3.png in Resources */,
				A5D932F3164808FA00728C1D /* appetizer-4.png in Resources */,
				A5D932F4164808FA00728C1D /* appetizer-5.png in Resources */,
				A5D932F5164808FA00728C1D /* appetizer-6.png in Resources */,
				A5D932F6164808FA00728C1D /* appetizer-7.png in Resources */,
				A5D932F7164808FA00728C1D /* appetizer-8.png in Resources */,
				A5D932F8164808FA00728C1D /* appetizer-9.png in Resources */,
				A5D932F9164808FA00728C1D /* appetizer-10.png in Resources */,
				A5D933011648090F00728C1D /* dessert-1.png in Resources */,
				A5D933021648090F00728C1D /* dessert-2.png in Resources */,
				A5D933031648090F00728C1D /* dessert-3.png in Resources */,
				A5D933041648090F00728C1D /* dessert-4.png in Resources */,
				A5D933051648090F00728C1D /* dessert-5.png in Resources */,
				A5D933061648090F00728C1D /* dessert-6.png in Resources */,
				A5D933071648090F00728C1D /* dessert-7.png in Resources */,
				A5D933171648091F00728C1D /* main-1.png in Resources */,
				A5D933181648091F00728C1D /* main-2.png in Resources */,
				A5D933191648091F00728C1D /* main-3.png in Resources */,
				A5D9331A1648091F00728C1D /* main-4.png in Resources */,
				A5D9331B1648091F00728C1D /* main-5.png in Resources */,
				A5D9331C1648091F00728C1D /* main-6.png in Resources */,
				A5D9331D1648091F00728C1D /* main-7.png in Resources */,
				A5D9331E1648091F00728C1D /* main-8.png in Resources */,
				A5D9331F1648091F00728C1D /* main-9.png in Resources */,
				A5D933201648091F00728C1D /* main-10.png in Resources */,
				A5D933211648091F00728C1D /* main-11.png in Resources */,
				A5D933221648091F00728C1D /* main-12.png in Resources */,
				A5D933231648091F00728C1D /* main-13.png in Resources */,
				A5D933241648091F00728C1D /* main-14.png in Resources */,
				A5D933251648091F00728C1D /* main-15.png in Resources */,
				A5FFA1E216482402006E6FEA /* about@2x.png in Resources */,
				A562F97516489A5300F54237 /* free-standing-cookers-gallery-bs-50@2x.png in Resources */,
				A562F99316489BFD00F54237 /* built-in-ovens-gallery@2x.png in Resources */,
				A562F99416489BFD00F54237 /* built-in-ovens-main@2x.png in Resources */,
				A562F99516489BFD00F54237 /* built-in-ovens-specs@2x.png in Resources */,
				A562F99616489BFD00F54237 /* dishwasher-builtin-gallery@2x.png in Resources */,
				A562F99716489BFD00F54237 /* dishwasher-builtin-main@2x.png in Resources */,
				A562F99816489BFD00F54237 /* dishwasher-builtin-specs@2x.png in Resources */,
				A562F99916489BFD00F54237 /* dishwasher-compact-gallery@2x.png in Resources */,
				A562F99A16489BFD00F54237 /* dishwasher-compact-main@2x.png in Resources */,
				A562F99B16489BFD00F54237 /* dishwasher-compact-specs@2x.png in Resources */,
				A562F99C16489BFD00F54237 /* free-standing-cookers-gallery-ss-50@2x.png in Resources */,
				A562F99D16489BFD00F54237 /* free-standing-cookers-gallery-ss-60@2x.png in Resources */,
				A562F99E16489BFD00F54237 /* free-standing-cookers-gallery-ss-90@2x.png in Resources */,
				A562F99F16489BFD00F54237 /* free-standing-cookers-main@2x.png in Resources */,
				A562F9A016489BFD00F54237 /* free-standing-cookers-specs-bs@2x.png in Resources */,
				A562F9A116489BFD00F54237 /* free-standing-cookers-specs-ss@2x.png in Resources */,
				A562F9A216489BFD00F54237 /* hobs-gallery@2x.png in Resources */,
				A562F9A316489BFD00F54237 /* hobs-main@2x.png in Resources */,
				A562F9A416489BFD00F54237 /* hobs-specs@2x.png in Resources */,
				A562F9A516489BFD00F54237 /* hoods-gallery-c-90@2x.png in Resources */,
				A562F9A616489BFD00F54237 /* hoods-gallery-sl-60@2x.png in Resources */,
				A562F9A716489BFD00F54237 /* hoods-gallery-sl-90@2x.png in Resources */,
				A562F9A816489BFD00F54237 /* hoods-main@2x.png in Resources */,
				A562F9A916489BFD00F54237 /* hoods-specs-c-90@2x.png in Resources */,
				A562F9AA16489BFD00F54237 /* hoods-specs-sl-60@2x.png in Resources */,
				A562F9AB16489BFD00F54237 /* hoods-specs-sl-90@2x.png in Resources */,
				A562F9AC16489BFD00F54237 /* microwave-ovens-gallery@2x.png in Resources */,
				A562F9AD16489BFD00F54237 /* microwave-ovens-main@2x.png in Resources */,
				A562F9AE16489BFD00F54237 /* microwave-ovens-specs@2x.png in Resources */,
				A5D300291648EF8600F7B369 /* dishwasher-button-builtin.png in Resources */,
				A5D3002C1648EF9000F7B369 /* dishwasher-button-compact.png in Resources */,
				A5C9B6CB164903EC00E8C74E /* photoapp-female-crop.png in Resources */,
				A5C9B6D216490E9900E8C74E /* photoapp-male-crop.png in Resources */,
				A54736CE1649D1AA00417054 /* home.png in Resources */,
				A59CBF8A164AC46E00E9F84E /* home.jpg in Resources */,
			);
			runOnlyForDeploymentPostprocessing = 0;
		};
/* End PBXResourcesBuildPhase section */

/* Begin PBXSourcesBuildPhase section */
		A588C0D516364AB300968850 /* Sources */ = {
			isa = PBXSourcesBuildPhase;
			buildActionMask = 2147483647;
			files = (
				A588C0EC16364AB300968850 /* main.m in Sources */,
				A588C0F016364AB300968850 /* AppDelegate.m in Sources */,
				A588C0F316364AB300968850 /* wokaholic.xcdatamodeld in Sources */,
				A588C0FB16364AC500968850 /* RootViewController.m in Sources */,
				A588C11016365CA200968850 /* PhotoAppController.m in Sources */,
				A588C12B1636651800968850 /* CookingQuizController.m in Sources */,
				A5A93FB31636737C001987AC /* AboutController.m in Sources */,
				A5A93FB61636750B001987AC /* RecipesController.m in Sources */,
				A50679D21636783B0017C672 /* iCarousel.m in Sources */,
				A5067A011636857C0017C672 /* PDFViewController.m in Sources */,
				A5067A04163691DC0017C672 /* ProductGuideController.m in Sources */,
				A5D931A81647724500728C1D /* Facebook.m in Sources */,
				A5D931AA1647724500728C1D /* FBDialog.m in Sources */,
				A5D931AB1647724500728C1D /* FBFrictionlessRequestSettings.m in Sources */,
				A5D931AC1647724500728C1D /* FBLoginDialog.m in Sources */,
				A5D931AD1647724500728C1D /* FBRequest.m in Sources */,
				A5D931AE1647724500728C1D /* NSObject+SBJSON.m in Sources */,
				A5D931AF1647724500728C1D /* NSString+SBJSON.m in Sources */,
				A5D931B01647724500728C1D /* SBJSON.m in Sources */,
				A5D931B11647724500728C1D /* SBJsonBase.m in Sources */,
				A5D931B21647724500728C1D /* SBJsonParser.m in Sources */,
				A5D931B31647724500728C1D /* SBJsonWriter.m in Sources */,
				A5FFA1DF164816E1006E6FEA /* CustomUILabel.m in Sources */,
			);
			runOnlyForDeploymentPostprocessing = 0;
		};
/* End PBXSourcesBuildPhase section */

/* Begin PBXVariantGroup section */
		A588C0E816364AB300968850 /* InfoPlist.strings */ = {
			isa = PBXVariantGroup;
			children = (
				A588C0E916364AB300968850 /* en */,
			);
			name = InfoPlist.strings;
			sourceTree = "<group>";
		};
/* End PBXVariantGroup section */

/* Begin XCBuildConfiguration section */
		A588C0F416364AB300968850 /* Debug */ = {
			isa = XCBuildConfiguration;
			buildSettings = {
				ALWAYS_SEARCH_USER_PATHS = NO;
				ARCHS = "$(ARCHS_STANDARD_32_BIT)";
				CLANG_CXX_LANGUAGE_STANDARD = "gnu++0x";
				CLANG_WARN__DUPLICATE_METHOD_MATCH = YES;
				"CODE_SIGN_IDENTITY[sdk=iphoneos*]" = "iPhone Developer";
				COPY_PHASE_STRIP = NO;
				GCC_C_LANGUAGE_STANDARD = gnu99;
				GCC_DYNAMIC_NO_PIC = NO;
				GCC_OPTIMIZATION_LEVEL = 0;
				GCC_PREPROCESSOR_DEFINITIONS = (
					"DEBUG=1",
					"$(inherited)",
				);
				GCC_SYMBOLS_PRIVATE_EXTERN = NO;
				GCC_VERSION = com.apple.compilers.llvm.clang.1_0;
				GCC_WARN_ABOUT_RETURN_TYPE = YES;
				GCC_WARN_UNINITIALIZED_AUTOS = YES;
				GCC_WARN_UNUSED_VARIABLE = YES;
				IPHONEOS_DEPLOYMENT_TARGET = 5.1;
				SDKROOT = iphoneos;
				TARGETED_DEVICE_FAMILY = 2;
			};
			name = Debug;
		};
		A588C0F516364AB300968850 /* Release */ = {
			isa = XCBuildConfiguration;
			buildSettings = {
				ALWAYS_SEARCH_USER_PATHS = NO;
				ARCHS = "$(ARCHS_STANDARD_32_BIT)";
				CLANG_CXX_LANGUAGE_STANDARD = "gnu++0x";
				CLANG_WARN__DUPLICATE_METHOD_MATCH = YES;
				"CODE_SIGN_IDENTITY[sdk=iphoneos*]" = "iPhone Developer";
				COPY_PHASE_STRIP = YES;
				GCC_C_LANGUAGE_STANDARD = gnu99;
				GCC_VERSION = com.apple.compilers.llvm.clang.1_0;
				GCC_WARN_ABOUT_RETURN_TYPE = YES;
				GCC_WARN_UNINITIALIZED_AUTOS = YES;
				GCC_WARN_UNUSED_VARIABLE = YES;
				IPHONEOS_DEPLOYMENT_TARGET = 5.1;
				OTHER_CFLAGS = "-DNS_BLOCK_ASSERTIONS=1";
				SDKROOT = iphoneos;
				TARGETED_DEVICE_FAMILY = 2;
				VALIDATE_PRODUCT = YES;
			};
			name = Release;
		};
		A588C0F716364AB300968850 /* Debug */ = {
			isa = XCBuildConfiguration;
			buildSettings = {
				GCC_PRECOMPILE_PREFIX_HEADER = YES;
				GCC_PREFIX_HEADER = "wokaholic/wokaholic-Prefix.pch";
				INFOPLIST_FILE = "wokaholic/wokaholic-Info.plist";
				PRODUCT_NAME = "$(TARGET_NAME)";
				WRAPPER_EXTENSION = app;
			};
			name = Debug;
		};
		A588C0F816364AB300968850 /* Release */ = {
			isa = XCBuildConfiguration;
			buildSettings = {
				GCC_PRECOMPILE_PREFIX_HEADER = YES;
				GCC_PREFIX_HEADER = "wokaholic/wokaholic-Prefix.pch";
				INFOPLIST_FILE = "wokaholic/wokaholic-Info.plist";
				PRODUCT_NAME = "$(TARGET_NAME)";
				WRAPPER_EXTENSION = app;
			};
			name = Release;
		};
/* End XCBuildConfiguration section */

/* Begin XCConfigurationList section */
		A588C0D316364AB300968850 /* Build configuration list for PBXProject "wokaholic" */ = {
			isa = XCConfigurationList;
			buildConfigurations = (
				A588C0F416364AB300968850 /* Debug */,
				A588C0F516364AB300968850 /* Release */,
			);
			defaultConfigurationIsVisible = 0;
			defaultConfigurationName = Release;
		};
		A588C0F616364AB300968850 /* Build configuration list for PBXNativeTarget "wokaholic" */ = {
			isa = XCConfigurationList;
			buildConfigurations = (
				A588C0F716364AB300968850 /* Debug */,
				A588C0F816364AB300968850 /* Release */,
			);
			defaultConfigurationIsVisible = 0;
			defaultConfigurationName = Release;
		};
/* End XCConfigurationList section */

/* Begin XCVersionGroup section */
		A588C0F116364AB300968850 /* wokaholic.xcdatamodeld */ = {
			isa = XCVersionGroup;
			children = (
				A588C0F216364AB300968850 /* wokaholic.xcdatamodel */,
			);
			currentVersion = A588C0F216364AB300968850 /* wokaholic.xcdatamodel */;
			path = wokaholic.xcdatamodeld;
			sourceTree = "<group>";
			versionGroupType = wrapper.xcdatamodel;
		};
/* End XCVersionGroup section */
	};
	rootObject = A588C0D016364AB300968850 /* Project object */;
}
